
Microsoft Visual Studio Solution File, Format Version 12.00
# Visual Studio Version 17
VisualStudioVersion = 17.4.33205.214
MinimumVisualStudioVersion = 10.0.40219.1
Project("{888888A0-9F3D-457C-B088-3A5042F75D52}") = "MR-TARgv23-First", "MR-TARgv23-First\MR-TARgv23-First.pyproj", "{D3658590-DB52-439D-B94F-78A924088DAD}"
EndProject
Global
	GlobalSection(SolutionConfigurationPlatforms) = preSolution
		Debug|Any CPU = Debug|Any CPU
		Release|Any CPU = Release|Any CPU
	EndGlobalSection
	GlobalSection(ProjectConfigurationPlatforms) = postSolution
		{D3658590-DB52-439D-B94F-78A924088DAD}.Debug|Any CPU.ActiveCfg = Debug|Any CPU
		{D3658590-DB52-439D-B94F-78A924088DAD}.Release|Any CPU.ActiveCfg = Release|Any CPU
	EndGlobalSection
	GlobalSection(SolutionProperties) = preSolution
		HideSolutionNode = FALSE
	EndGlobalSection
	GlobalSection(ExtensibilityGlobals) = postSolution
		SolutionGuid = {7F97270C-CDEE-40F0-A4C4-1DF6389C8631}
	EndGlobalSection
EndGlobal
